// !$*UTF8*$!
{
	archiveVersion = 1;
	classes = {
	};
	objectVersion = 51;
	objects = {

/* Begin PBXBuildFile section */
		5159F756259AFDC4001FA093 /* AppDelegate.swift in Sources */ = {isa = PBXBuildFile; fileRef = 5159F755259AFDC4001FA093 /* AppDelegate.swift */; };
		5159F758259AFDC4001FA093 /* SceneDelegate.swift in Sources */ = {isa = PBXBuildFile; fileRef = 5159F757259AFDC4001FA093 /* SceneDelegate.swift */; };
		5159F75A259AFDC4001FA093 /* ViewController.swift in Sources */ = {isa = PBXBuildFile; fileRef = 5159F759259AFDC4001FA093 /* ViewController.swift */; };
		5159F75D259AFDC4001FA093 /* Main.storyboard in Resources */ = {isa = PBXBuildFile; fileRef = 5159F75B259AFDC4001FA093 /* Main.storyboard */; };
		5159F75F259AFDC5001FA093 /* Assets.xcassets in Resources */ = {isa = PBXBuildFile; fileRef = 5159F75E259AFDC5001FA093 /* Assets.xcassets */; };
		5159F762259AFDC5001FA093 /* LaunchScreen.storyboard in Resources */ = {isa = PBXBuildFile; fileRef = 5159F760259AFDC5001FA093 /* LaunchScreen.storyboard */; };
		515E8C2D25A7023C00207EA8 /* UIColor+CMKit.swift in Sources */ = {isa = PBXBuildFile; fileRef = 515E8C2B25A7023C00207EA8 /* UIColor+CMKit.swift */; };
		515E8C2E25A7023C00207EA8 /* CMKit.swift in Sources */ = {isa = PBXBuildFile; fileRef = 515E8C2C25A7023C00207EA8 /* CMKit.swift */; };
		515E8C4725A7025100207EA8 /* UITableView+Extension.swift in Sources */ = {isa = PBXBuildFile; fileRef = 515E8C3025A7025100207EA8 /* UITableView+Extension.swift */; };
		515E8C4825A7025100207EA8 /* LAExtentions.swift in Sources */ = {isa = PBXBuildFile; fileRef = 515E8C3125A7025100207EA8 /* LAExtentions.swift */; };
		515E8C4925A7025100207EA8 /* UIButton+Extension.swift in Sources */ = {isa = PBXBuildFile; fileRef = 515E8C3225A7025100207EA8 /* UIButton+Extension.swift */; };
		515E8C4A25A7025100207EA8 /* UIColor+Extension.swift in Sources */ = {isa = PBXBuildFile; fileRef = 515E8C3325A7025100207EA8 /* UIColor+Extension.swift */; };
		515E8C4B25A7025100207EA8 /* UILabel+Extension.swift in Sources */ = {isa = PBXBuildFile; fileRef = 515E8C3425A7025100207EA8 /* UILabel+Extension.swift */; };
		515E8C4C25A7025100207EA8 /* UIFont+Extension.swift in Sources */ = {isa = PBXBuildFile; fileRef = 515E8C3525A7025100207EA8 /* UIFont+Extension.swift */; };
		515E8C4D25A7025100207EA8 /* Array+Extension.swift in Sources */ = {isa = PBXBuildFile; fileRef = 515E8C3625A7025100207EA8 /* Array+Extension.swift */; };
		515E8C4E25A7025100207EA8 /* PercentFormatter.swift in Sources */ = {isa = PBXBuildFile; fileRef = 515E8C3725A7025100207EA8 /* PercentFormatter.swift */; };
		515E8C4F25A7025100207EA8 /* UIDevice+Extension.swift in Sources */ = {isa = PBXBuildFile; fileRef = 515E8C3825A7025100207EA8 /* UIDevice+Extension.swift */; };
		515E8C5025A7025100207EA8 /* UINaviagtionController+Extension.swift in Sources */ = {isa = PBXBuildFile; fileRef = 515E8C3925A7025100207EA8 /* UINaviagtionController+Extension.swift */; };
		515E8C5125A7025100207EA8 /* UIScrollView+Extension.swift in Sources */ = {isa = PBXBuildFile; fileRef = 515E8C3A25A7025100207EA8 /* UIScrollView+Extension.swift */; };
		515E8C5225A7025100207EA8 /* Int+Extension.swift in Sources */ = {isa = PBXBuildFile; fileRef = 515E8C3B25A7025100207EA8 /* Int+Extension.swift */; };
		515E8C5325A7025100207EA8 /* UITextField+Extension.swift in Sources */ = {isa = PBXBuildFile; fileRef = 515E8C3C25A7025100207EA8 /* UITextField+Extension.swift */; };
		515E8C5425A7025100207EA8 /* UIView+Extension.swift in Sources */ = {isa = PBXBuildFile; fileRef = 515E8C3D25A7025100207EA8 /* UIView+Extension.swift */; };
		515E8C5525A7025100207EA8 /* MoneyFormat.swift in Sources */ = {isa = PBXBuildFile; fileRef = 515E8C3E25A7025100207EA8 /* MoneyFormat.swift */; };
		515E8C5625A7025100207EA8 /* WKWebview+Extension.swift in Sources */ = {isa = PBXBuildFile; fileRef = 515E8C3F25A7025100207EA8 /* WKWebview+Extension.swift */; };
		515E8C5725A7025100207EA8 /* Double+Extension.swift in Sources */ = {isa = PBXBuildFile; fileRef = 515E8C4025A7025100207EA8 /* Double+Extension.swift */; };
		515E8C5825A7025100207EA8 /* Date+Extension.swift in Sources */ = {isa = PBXBuildFile; fileRef = 515E8C4125A7025100207EA8 /* Date+Extension.swift */; };
		515E8C5925A7025100207EA8 /* String+Extension.swift in Sources */ = {isa = PBXBuildFile; fileRef = 515E8C4225A7025100207EA8 /* String+Extension.swift */; };
		515E8C5A25A7025100207EA8 /* UIImage+Extension.swift in Sources */ = {isa = PBXBuildFile; fileRef = 515E8C4325A7025100207EA8 /* UIImage+Extension.swift */; };
		515E8C5B25A7025100207EA8 /* UIViewController+Extension.swift in Sources */ = {isa = PBXBuildFile; fileRef = 515E8C4425A7025100207EA8 /* UIViewController+Extension.swift */; };
		515E8C5C25A7025100207EA8 /* UICollectionView+Extension.swift in Sources */ = {isa = PBXBuildFile; fileRef = 515E8C4525A7025100207EA8 /* UICollectionView+Extension.swift */; };
		515E8C5D25A7025100207EA8 /* UINavigationBar+Extension.swift in Sources */ = {isa = PBXBuildFile; fileRef = 515E8C4625A7025100207EA8 /* UINavigationBar+Extension.swift */; };
		D68E176B199D4B6132601542 /* Pods_IOS_Demos.framework in Frameworks */ = {isa = PBXBuildFile; fileRef = 49E5F98A900A0BCAF26DA2A9 /* Pods_IOS_Demos.framework */; };
/* End PBXBuildFile section */

/* Begin PBXFileReference section */
		3DE2E178DFCC57341A714FC4 /* Pods-IOS-Demos.release.xcconfig */ = {isa = PBXFileReference; includeInIndex = 1; lastKnownFileType = text.xcconfig; name = "Pods-IOS-Demos.release.xcconfig"; path = "Target Support Files/Pods-IOS-Demos/Pods-IOS-Demos.release.xcconfig"; sourceTree = "<group>"; };
		49E5F98A900A0BCAF26DA2A9 /* Pods_IOS_Demos.framework */ = {isa = PBXFileReference; explicitFileType = wrapper.framework; includeInIndex = 0; path = Pods_IOS_Demos.framework; sourceTree = BUILT_PRODUCTS_DIR; };
		5159F752259AFDC4001FA093 /* IOS-Demos.app */ = {isa = PBXFileReference; explicitFileType = wrapper.application; includeInIndex = 0; path = "IOS-Demos.app"; sourceTree = BUILT_PRODUCTS_DIR; };
		5159F755259AFDC4001FA093 /* AppDelegate.swift */ = {isa = PBXFileReference; lastKnownFileType = sourcecode.swift; path = AppDelegate.swift; sourceTree = "<group>"; };
		5159F757259AFDC4001FA093 /* SceneDelegate.swift */ = {isa = PBXFileReference; lastKnownFileType = sourcecode.swift; path = SceneDelegate.swift; sourceTree = "<group>"; };
		5159F759259AFDC4001FA093 /* ViewController.swift */ = {isa = PBXFileReference; lastKnownFileType = sourcecode.swift; path = ViewController.swift; sourceTree = "<group>"; };
		5159F75C259AFDC4001FA093 /* Base */ = {isa = PBXFileReference; lastKnownFileType = file.storyboard; name = Base; path = Base.lproj/Main.storyboard; sourceTree = "<group>"; };
		5159F75E259AFDC5001FA093 /* Assets.xcassets */ = {isa = PBXFileReference; lastKnownFileType = folder.assetcatalog; path = Assets.xcassets; sourceTree = "<group>"; };
		5159F761259AFDC5001FA093 /* Base */ = {isa = PBXFileReference; lastKnownFileType = file.storyboard; name = Base; path = Base.lproj/LaunchScreen.storyboard; sourceTree = "<group>"; };
		5159F763259AFDC5001FA093 /* Info.plist */ = {isa = PBXFileReference; lastKnownFileType = text.plist.xml; path = Info.plist; sourceTree = "<group>"; };
		515E8C2B25A7023C00207EA8 /* UIColor+CMKit.swift */ = {isa = PBXFileReference; fileEncoding = 4; lastKnownFileType = sourcecode.swift; path = "UIColor+CMKit.swift"; sourceTree = "<group>"; };
		515E8C2C25A7023C00207EA8 /* CMKit.swift */ = {isa = PBXFileReference; fileEncoding = 4; lastKnownFileType = sourcecode.swift; path = CMKit.swift; sourceTree = "<group>"; };
		515E8C3025A7025100207EA8 /* UITableView+Extension.swift */ = {isa = PBXFileReference; fileEncoding = 4; lastKnownFileType = sourcecode.swift; path = "UITableView+Extension.swift"; sourceTree = "<group>"; };
		515E8C3125A7025100207EA8 /* LAExtentions.swift */ = {isa = PBXFileReference; fileEncoding = 4; lastKnownFileType = sourcecode.swift; path = LAExtentions.swift; sourceTree = "<group>"; };
		515E8C3225A7025100207EA8 /* UIButton+Extension.swift */ = {isa = PBXFileReference; fileEncoding = 4; lastKnownFileType = sourcecode.swift; path = "UIButton+Extension.swift"; sourceTree = "<group>"; };
		515E8C3325A7025100207EA8 /* UIColor+Extension.swift */ = {isa = PBXFileReference; fileEncoding = 4; lastKnownFileType = sourcecode.swift; path = "UIColor+Extension.swift"; sourceTree = "<group>"; };
		515E8C3425A7025100207EA8 /* UILabel+Extension.swift */ = {isa = PBXFileReference; fileEncoding = 4; lastKnownFileType = sourcecode.swift; path = "UILabel+Extension.swift"; sourceTree = "<group>"; };
		515E8C3525A7025100207EA8 /* UIFont+Extension.swift */ = {isa = PBXFileReference; fileEncoding = 4; lastKnownFileType = sourcecode.swift; path = "UIFont+Extension.swift"; sourceTree = "<group>"; };
		515E8C3625A7025100207EA8 /* Array+Extension.swift */ = {isa = PBXFileReference; fileEncoding = 4; lastKnownFileType = sourcecode.swift; path = "Array+Extension.swift"; sourceTree = "<group>"; };
		515E8C3725A7025100207EA8 /* PercentFormatter.swift */ = {isa = PBXFileReference; fileEncoding = 4; lastKnownFileType = sourcecode.swift; path = PercentFormatter.swift; sourceTree = "<group>"; };
		515E8C3825A7025100207EA8 /* UIDevice+Extension.swift */ = {isa = PBXFileReference; fileEncoding = 4; lastKnownFileType = sourcecode.swift; path = "UIDevice+Extension.swift"; sourceTree = "<group>"; };
		515E8C3925A7025100207EA8 /* UINaviagtionController+Extension.swift */ = {isa = PBXFileReference; fileEncoding = 4; lastKnownFileType = sourcecode.swift; path = "UINaviagtionController+Extension.swift"; sourceTree = "<group>"; };
		515E8C3A25A7025100207EA8 /* UIScrollView+Extension.swift */ = {isa = PBXFileReference; fileEncoding = 4; lastKnownFileType = sourcecode.swift; path = "UIScrollView+Extension.swift"; sourceTree = "<group>"; };
		515E8C3B25A7025100207EA8 /* Int+Extension.swift */ = {isa = PBXFileReference; fileEncoding = 4; lastKnownFileType = sourcecode.swift; path = "Int+Extension.swift"; sourceTree = "<group>"; };
		515E8C3C25A7025100207EA8 /* UITextField+Extension.swift */ = {isa = PBXFileReference; fileEncoding = 4; lastKnownFileType = sourcecode.swift; path = "UITextField+Extension.swift"; sourceTree = "<group>"; };
		515E8C3D25A7025100207EA8 /* UIView+Extension.swift */ = {isa = PBXFileReference; fileEncoding = 4; lastKnownFileType = sourcecode.swift; path = "UIView+Extension.swift"; sourceTree = "<group>"; };
		515E8C3E25A7025100207EA8 /* MoneyFormat.swift */ = {isa = PBXFileReference; fileEncoding = 4; lastKnownFileType = sourcecode.swift; path = MoneyFormat.swift; sourceTree = "<group>"; };
		515E8C3F25A7025100207EA8 /* WKWebview+Extension.swift */ = {isa = PBXFileReference; fileEncoding = 4; lastKnownFileType = sourcecode.swift; path = "WKWebview+Extension.swift"; sourceTree = "<group>"; };
		515E8C4025A7025100207EA8 /* Double+Extension.swift */ = {isa = PBXFileReference; fileEncoding = 4; lastKnownFileType = sourcecode.swift; path = "Double+Extension.swift"; sourceTree = "<group>"; };
		515E8C4125A7025100207EA8 /* Date+Extension.swift */ = {isa = PBXFileReference; fileEncoding = 4; lastKnownFileType = sourcecode.swift; path = "Date+Extension.swift"; sourceTree = "<group>"; };
		515E8C4225A7025100207EA8 /* String+Extension.swift */ = {isa = PBXFileReference; fileEncoding = 4; lastKnownFileType = sourcecode.swift; path = "String+Extension.swift"; sourceTree = "<group>"; };
		515E8C4325A7025100207EA8 /* UIImage+Extension.swift */ = {isa = PBXFileReference; fileEncoding = 4; lastKnownFileType = sourcecode.swift; path = "UIImage+Extension.swift"; sourceTree = "<group>"; };
		515E8C4425A7025100207EA8 /* UIViewController+Extension.swift */ = {isa = PBXFileReference; fileEncoding = 4; lastKnownFileType = sourcecode.swift; path = "UIViewController+Extension.swift"; sourceTree = "<group>"; };
		515E8C4525A7025100207EA8 /* UICollectionView+Extension.swift */ = {isa = PBXFileReference; fileEncoding = 4; lastKnownFileType = sourcecode.swift; path = "UICollectionView+Extension.swift"; sourceTree = "<group>"; };
		515E8C4625A7025100207EA8 /* UINavigationBar+Extension.swift */ = {isa = PBXFileReference; fileEncoding = 4; lastKnownFileType = sourcecode.swift; path = "UINavigationBar+Extension.swift"; sourceTree = "<group>"; };
		DEA2404EAA0CBB7845707577 /* Pods-IOS-Demos.debug.xcconfig */ = {isa = PBXFileReference; includeInIndex = 1; lastKnownFileType = text.xcconfig; name = "Pods-IOS-Demos.debug.xcconfig"; path = "Target Support Files/Pods-IOS-Demos/Pods-IOS-Demos.debug.xcconfig"; sourceTree = "<group>"; };
/* End PBXFileReference section */

/* Begin PBXFrameworksBuildPhase section */
		5159F74F259AFDC4001FA093 /* Frameworks */ = {
			isa = PBXFrameworksBuildPhase;
			buildActionMask = 2147483647;
			files = (
				D68E176B199D4B6132601542 /* Pods_IOS_Demos.framework in Frameworks */,
			);
			runOnlyForDeploymentPostprocessing = 0;
		};
/* End PBXFrameworksBuildPhase section */

/* Begin PBXGroup section */
		43BA7A5F4DF4D1946F82A44F /* Pods */ = {
			isa = PBXGroup;
			children = (
				DEA2404EAA0CBB7845707577 /* Pods-IOS-Demos.debug.xcconfig */,
				3DE2E178DFCC57341A714FC4 /* Pods-IOS-Demos.release.xcconfig */,
			);
			path = Pods;
			sourceTree = "<group>";
		};
		5159F749259AFDC4001FA093 = {
			isa = PBXGroup;
			children = (
				5159F754259AFDC4001FA093 /* IOS-Demos */,
				5159F753259AFDC4001FA093 /* Products */,
				43BA7A5F4DF4D1946F82A44F /* Pods */,
				5E523ACD07E47B57A64CDAA1 /* Frameworks */,
			);
			sourceTree = "<group>";
		};
		5159F753259AFDC4001FA093 /* Products */ = {
			isa = PBXGroup;
			children = (
				5159F752259AFDC4001FA093 /* IOS-Demos.app */,
			);
			name = Products;
			sourceTree = "<group>";
		};
		5159F754259AFDC4001FA093 /* IOS-Demos */ = {
			isa = PBXGroup;
			children = (
				5159F755259AFDC4001FA093 /* AppDelegate.swift */,
				5159F757259AFDC4001FA093 /* SceneDelegate.swift */,
				5159F759259AFDC4001FA093 /* ViewController.swift */,
				5159F763259AFDC5001FA093 /* Info.plist */,
				515E8C2725A701B400207EA8 /* NetWork */,
				515E8C2825A701BF00207EA8 /* Shared */,
				515E8C2625A7019500207EA8 /* Scenes */,
				515E8C2325A7010C00207EA8 /* Resources */,
				515E8C2425A7018500207EA8 /* Extensions */,
			);
			path = "IOS-Demos";
			sourceTree = "<group>";
		};
		515E8C2325A7010C00207EA8 /* Resources */ = {
			isa = PBXGroup;
			children = (
				5159F75B259AFDC4001FA093 /* Main.storyboard */,
				5159F760259AFDC5001FA093 /* LaunchScreen.storyboard */,
				5159F75E259AFDC5001FA093 /* Assets.xcassets */,
			);
			path = Resources;
			sourceTree = "<group>";
		};
		515E8C2425A7018500207EA8 /* Extensions */ = {
			isa = PBXGroup;
			children = (
				515E8C2A25A7023C00207EA8 /* CMKit */,
				515E8C3625A7025100207EA8 /* Array+Extension.swift */,
				515E8C4125A7025100207EA8 /* Date+Extension.swift */,
				515E8C4025A7025100207EA8 /* Double+Extension.swift */,
				515E8C3B25A7025100207EA8 /* Int+Extension.swift */,
				515E8C3125A7025100207EA8 /* LAExtentions.swift */,
				515E8C3E25A7025100207EA8 /* MoneyFormat.swift */,
				515E8C3725A7025100207EA8 /* PercentFormatter.swift */,
				515E8C4225A7025100207EA8 /* String+Extension.swift */,
				515E8C3225A7025100207EA8 /* UIButton+Extension.swift */,
				515E8C4525A7025100207EA8 /* UICollectionView+Extension.swift */,
				515E8C3325A7025100207EA8 /* UIColor+Extension.swift */,
				515E8C3825A7025100207EA8 /* UIDevice+Extension.swift */,
				515E8C3525A7025100207EA8 /* UIFont+Extension.swift */,
				515E8C4325A7025100207EA8 /* UIImage+Extension.swift */,
				515E8C3425A7025100207EA8 /* UILabel+Extension.swift */,
				515E8C3925A7025100207EA8 /* UINaviagtionController+Extension.swift */,
				515E8C4625A7025100207EA8 /* UINavigationBar+Extension.swift */,
				515E8C3A25A7025100207EA8 /* UIScrollView+Extension.swift */,
				515E8C3025A7025100207EA8 /* UITableView+Extension.swift */,
				515E8C3C25A7025100207EA8 /* UITextField+Extension.swift */,
				515E8C3D25A7025100207EA8 /* UIView+Extension.swift */,
				515E8C4425A7025100207EA8 /* UIViewController+Extension.swift */,
				515E8C3F25A7025100207EA8 /* WKWebview+Extension.swift */,
			);
			path = Extensions;
			sourceTree = "<group>";
		};
		515E8C2625A7019500207EA8 /* Scenes */ = {
			isa = PBXGroup;
			children = (
			);
			path = Scenes;
			sourceTree = "<group>";
		};
		515E8C2725A701B400207EA8 /* NetWork */ = {
			isa = PBXGroup;
			children = (
			);
			path = NetWork;
			sourceTree = "<group>";
		};
		515E8C2825A701BF00207EA8 /* Shared */ = {
			isa = PBXGroup;
			children = (
			);
			path = Shared;
			sourceTree = "<group>";
		};
		515E8C2A25A7023C00207EA8 /* CMKit */ = {
			isa = PBXGroup;
			children = (
				515E8C2B25A7023C00207EA8 /* UIColor+CMKit.swift */,
				515E8C2C25A7023C00207EA8 /* CMKit.swift */,
			);
			path = CMKit;
			sourceTree = "<group>";
		};
		5E523ACD07E47B57A64CDAA1 /* Frameworks */ = {
			isa = PBXGroup;
			children = (
				49E5F98A900A0BCAF26DA2A9 /* Pods_IOS_Demos.framework */,
			);
			name = Frameworks;
			sourceTree = "<group>";
		};
/* End PBXGroup section */

/* Begin PBXNativeTarget section */
		5159F751259AFDC4001FA093 /* IOS-Demos */ = {
			isa = PBXNativeTarget;
			buildConfigurationList = 5159F766259AFDC5001FA093 /* Build configuration list for PBXNativeTarget "IOS-Demos" */;
			buildPhases = (
				59AA7167441243A4F2524426 /* [CP] Check Pods Manifest.lock */,
				5159F74E259AFDC4001FA093 /* Sources */,
				5159F74F259AFDC4001FA093 /* Frameworks */,
				5159F750259AFDC4001FA093 /* Resources */,
				E6F2675E09E59AA7E7AC0EE0 /* [CP] Embed Pods Frameworks */,
			);
			buildRules = (
			);
			dependencies = (
			);
			name = "IOS-Demos";
			productName = "IOS-Demos";
			productReference = 5159F752259AFDC4001FA093 /* IOS-Demos.app */;
			productType = "com.apple.product-type.application";
		};
/* End PBXNativeTarget section */

/* Begin PBXProject section */
		5159F74A259AFDC4001FA093 /* Project object */ = {
			isa = PBXProject;
			attributes = {
				LastSwiftUpdateCheck = 1230;
				LastUpgradeCheck = 1230;
				TargetAttributes = {
					5159F751259AFDC4001FA093 = {
						CreatedOnToolsVersion = 12.3;
					};
				};
			};
			buildConfigurationList = 5159F74D259AFDC4001FA093 /* Build configuration list for PBXProject "IOS-Demos" */;
			compatibilityVersion = "Xcode 9.3";
			developmentRegion = en;
			hasScannedForEncodings = 0;
			knownRegions = (
				en,
				Base,
			);
			mainGroup = 5159F749259AFDC4001FA093;
			productRefGroup = 5159F753259AFDC4001FA093 /* Products */;
			projectDirPath = "";
			projectRoot = "";
			targets = (
				5159F751259AFDC4001FA093 /* IOS-Demos */,
			);
		};
/* End PBXProject section */

/* Begin PBXResourcesBuildPhase section */
		5159F750259AFDC4001FA093 /* Resources */ = {
			isa = PBXResourcesBuildPhase;
			buildActionMask = 2147483647;
			files = (
				5159F762259AFDC5001FA093 /* LaunchScreen.storyboard in Resources */,
				5159F75F259AFDC5001FA093 /* Assets.xcassets in Resources */,
				5159F75D259AFDC4001FA093 /* Main.storyboard in Resources */,
			);
			runOnlyForDeploymentPostprocessing = 0;
		};
/* End PBXResourcesBuildPhase section */

/* Begin PBXShellScriptBuildPhase section */
		59AA7167441243A4F2524426 /* [CP] Check Pods Manifest.lock */ = {
			isa = PBXShellScriptBuildPhase;
			buildActionMask = 2147483647;
			files = (
			);
			inputFileListPaths = (
			);
			inputPaths = (
				"${PODS_PODFILE_DIR_PATH}/Podfile.lock",
				"${PODS_ROOT}/Manifest.lock",
			);
			name = "[CP] Check Pods Manifest.lock";
			outputFileListPaths = (
			);
			outputPaths = (
				"$(DERIVED_FILE_DIR)/Pods-IOS-Demos-checkManifestLockResult.txt",
			);
			runOnlyForDeploymentPostprocessing = 0;
			shellPath = /bin/sh;
			shellScript = "diff \"${PODS_PODFILE_DIR_PATH}/Podfile.lock\" \"${PODS_ROOT}/Manifest.lock\" > /dev/null\nif [ $? != 0 ] ; then\n    # print error to STDERR\n    echo \"error: The sandbox is not in sync with the Podfile.lock. Run 'pod install' or update your CocoaPods installation.\" >&2\n    exit 1\nfi\n# This output is used by Xcode 'outputs' to avoid re-running this script phase.\necho \"SUCCESS\" > \"${SCRIPT_OUTPUT_FILE_0}\"\n";
			showEnvVarsInLog = 0;
		};
		E6F2675E09E59AA7E7AC0EE0 /* [CP] Embed Pods Frameworks */ = {
			isa = PBXShellScriptBuildPhase;
			buildActionMask = 2147483647;
			files = (
			);
			inputFileListPaths = (
				"${PODS_ROOT}/Target Support Files/Pods-IOS-Demos/Pods-IOS-Demos-frameworks-${CONFIGURATION}-input-files.xcfilelist",
			);
			name = "[CP] Embed Pods Frameworks";
			outputFileListPaths = (
				"${PODS_ROOT}/Target Support Files/Pods-IOS-Demos/Pods-IOS-Demos-frameworks-${CONFIGURATION}-output-files.xcfilelist",
			);
			runOnlyForDeploymentPostprocessing = 0;
			shellPath = /bin/sh;
			shellScript = "\"${PODS_ROOT}/Target Support Files/Pods-IOS-Demos/Pods-IOS-Demos-frameworks.sh\"\n";
			showEnvVarsInLog = 0;
		};
/* End PBXShellScriptBuildPhase section */

/* Begin PBXSourcesBuildPhase section */
		5159F74E259AFDC4001FA093 /* Sources */ = {
			isa = PBXSourcesBuildPhase;
			buildActionMask = 2147483647;
			files = (
				5159F75A259AFDC4001FA093 /* ViewController.swift in Sources */,
				515E8C5525A7025100207EA8 /* MoneyFormat.swift in Sources */,
				515E8C4F25A7025100207EA8 /* UIDevice+Extension.swift in Sources */,
				5159F756259AFDC4001FA093 /* AppDelegate.swift in Sources */,
				515E8C5225A7025100207EA8 /* Int+Extension.swift in Sources */,
				515E8C5D25A7025100207EA8 /* UINavigationBar+Extension.swift in Sources */,
				515E8C4B25A7025100207EA8 /* UILabel+Extension.swift in Sources */,
				515E8C5825A7025100207EA8 /* Date+Extension.swift in Sources */,
				515E8C4D25A7025100207EA8 /* Array+Extension.swift in Sources */,
				515E8C4825A7025100207EA8 /* LAExtentions.swift in Sources */,
				515E8C4A25A7025100207EA8 /* UIColor+Extension.swift in Sources */,
				515E8C5125A7025100207EA8 /* UIScrollView+Extension.swift in Sources */,
				515E8C5325A7025100207EA8 /* UITextField+Extension.swift in Sources */,
				515E8C2D25A7023C00207EA8 /* UIColor+CMKit.swift in Sources */,
				5159F758259AFDC4001FA093 /* SceneDelegate.swift in Sources */,
				515E8C5B25A7025100207EA8 /* UIViewController+Extension.swift in Sources */,
				515E8C5425A7025100207EA8 /* UIView+Extension.swift in Sources */,
				515E8C4925A7025100207EA8 /* UIButton+Extension.swift in Sources */,
				515E8C5925A7025100207EA8 /* String+Extension.swift in Sources */,
				515E8C5C25A7025100207EA8 /* UICollectionView+Extension.swift in Sources */,
				515E8C5A25A7025100207EA8 /* UIImage+Extension.swift in Sources */,
				515E8C2E25A7023C00207EA8 /* CMKit.swift in Sources */,
				515E8C5725A7025100207EA8 /* Double+Extension.swift in Sources */,
				515E8C4725A7025100207EA8 /* UITableView+Extension.swift in Sources */,
				515E8C4E25A7025100207EA8 /* PercentFormatter.swift in Sources */,
				515E8C5025A7025100207EA8 /* UINaviagtionController+Extension.swift in Sources */,
				515E8C4C25A7025100207EA8 /* UIFont+Extension.swift in Sources */,
				515E8C5625A7025100207EA8 /* WKWebview+Extension.swift in Sources */,
			);
			runOnlyForDeploymentPostprocessing = 0;
		};
/* End PBXSourcesBuildPhase section */

/* Begin PBXVariantGroup section */
		5159F75B259AFDC4001FA093 /* Main.storyboard */ = {
			isa = PBXVariantGroup;
			children = (
				5159F75C259AFDC4001FA093 /* Base */,
			);
			name = Main.storyboard;
			sourceTree = "<group>";
		};
		5159F760259AFDC5001FA093 /* LaunchScreen.storyboard */ = {
			isa = PBXVariantGroup;
			children = (
				5159F761259AFDC5001FA093 /* Base */,
			);
			name = LaunchScreen.storyboard;
			sourceTree = "<group>";
		};
/* End PBXVariantGroup section */

/* Begin XCBuildConfiguration section */
		5159F764259AFDC5001FA093 /* Debug */ = {
			isa = XCBuildConfiguration;
			buildSettings = {
				ALWAYS_SEARCH_USER_PATHS = NO;
				CLANG_ANALYZER_NONNULL = YES;
				CLANG_ANALYZER_NUMBER_OBJECT_CONVERSION = YES_AGGRESSIVE;
				CLANG_CXX_LANGUAGE_STANDARD = "gnu++14";
				CLANG_CXX_LIBRARY = "libc++";
				CLANG_ENABLE_MODULES = YES;
				CLANG_ENABLE_OBJC_ARC = YES;
				CLANG_ENABLE_OBJC_WEAK = YES;
				CLANG_WARN_BLOCK_CAPTURE_AUTORELEASING = YES;
				CLANG_WARN_BOOL_CONVERSION = YES;
				CLANG_WARN_COMMA = YES;
				CLANG_WARN_CONSTANT_CONVERSION = YES;
				CLANG_WARN_DEPRECATED_OBJC_IMPLEMENTATIONS = YES;
				CLANG_WARN_DIRECT_OBJC_ISA_USAGE = YES_ERROR;
				CLANG_WARN_DOCUMENTATION_COMMENTS = YES;
				CLANG_WARN_EMPTY_BODY = YES;
				CLANG_WARN_ENUM_CONVERSION = YES;
				CLANG_WARN_INFINITE_RECURSION = YES;
				CLANG_WARN_INT_CONVERSION = YES;
				CLANG_WARN_NON_LITERAL_NULL_CONVERSION = YES;
				CLANG_WARN_OBJC_IMPLICIT_RETAIN_SELF = YES;
				CLANG_WARN_OBJC_LITERAL_CONVERSION = YES;
				CLANG_WARN_OBJC_ROOT_CLASS = YES_ERROR;
				CLANG_WARN_QUOTED_INCLUDE_IN_FRAMEWORK_HEADER = YES;
				CLANG_WARN_RANGE_LOOP_ANALYSIS = YES;
				CLANG_WARN_STRICT_PROTOTYPES = YES;
				CLANG_WARN_SUSPICIOUS_MOVE = YES;
				CLANG_WARN_UNGUARDED_AVAILABILITY = YES_AGGRESSIVE;
				CLANG_WARN_UNREACHABLE_CODE = YES;
				CLANG_WARN__DUPLICATE_METHOD_MATCH = YES;
				COPY_PHASE_STRIP = NO;
				DEBUG_INFORMATION_FORMAT = dwarf;
				ENABLE_STRICT_OBJC_MSGSEND = YES;
				ENABLE_TESTABILITY = YES;
				GCC_C_LANGUAGE_STANDARD = gnu11;
				GCC_DYNAMIC_NO_PIC = NO;
				GCC_NO_COMMON_BLOCKS = YES;
				GCC_OPTIMIZATION_LEVEL = 0;
				GCC_PREPROCESSOR_DEFINITIONS = (
					"DEBUG=1",
					"$(inherited)",
				);
				GCC_WARN_64_TO_32_BIT_CONVERSION = YES;
				GCC_WARN_ABOUT_RETURN_TYPE = YES_ERROR;
				GCC_WARN_UNDECLARED_SELECTOR = YES;
				GCC_WARN_UNINITIALIZED_AUTOS = YES_AGGRESSIVE;
				GCC_WARN_UNUSED_FUNCTION = YES;
				GCC_WARN_UNUSED_VARIABLE = YES;
				IPHONEOS_DEPLOYMENT_TARGET = 14.3;
				MTL_ENABLE_DEBUG_INFO = INCLUDE_SOURCE;
				MTL_FAST_MATH = YES;
				ONLY_ACTIVE_ARCH = YES;
				SDKROOT = iphoneos;
				SWIFT_ACTIVE_COMPILATION_CONDITIONS = DEBUG;
				SWIFT_OPTIMIZATION_LEVEL = "-Onone";
			};
			name = Debug;
		};
		5159F765259AFDC5001FA093 /* Release */ = {
			isa = XCBuildConfiguration;
			buildSettings = {
				ALWAYS_SEARCH_USER_PATHS = NO;
				CLANG_ANALYZER_NONNULL = YES;
				CLANG_ANALYZER_NUMBER_OBJECT_CONVERSION = YES_AGGRESSIVE;
				CLANG_CXX_LANGUAGE_STANDARD = "gnu++14";
				CLANG_CXX_LIBRARY = "libc++";
				CLANG_ENABLE_MODULES = YES;
				CLANG_ENABLE_OBJC_ARC = YES;
				CLANG_ENABLE_OBJC_WEAK = YES;
				CLANG_WARN_BLOCK_CAPTURE_AUTORELEASING = YES;
				CLANG_WARN_BOOL_CONVERSION = YES;
				CLANG_WARN_COMMA = YES;
				CLANG_WARN_CONSTANT_CONVERSION = YES;
				CLANG_WARN_DEPRECATED_OBJC_IMPLEMENTATIONS = YES;
				CLANG_WARN_DIRECT_OBJC_ISA_USAGE = YES_ERROR;
				CLANG_WARN_DOCUMENTATION_COMMENTS = YES;
				CLANG_WARN_EMPTY_BODY = YES;
				CLANG_WARN_ENUM_CONVERSION = YES;
				CLANG_WARN_INFINITE_RECURSION = YES;
				CLANG_WARN_INT_CONVERSION = YES;
				CLANG_WARN_NON_LITERAL_NULL_CONVERSION = YES;
				CLANG_WARN_OBJC_IMPLICIT_RETAIN_SELF = YES;
				CLANG_WARN_OBJC_LITERAL_CONVERSION = YES;
				CLANG_WARN_OBJC_ROOT_CLASS = YES_ERROR;
				CLANG_WARN_QUOTED_INCLUDE_IN_FRAMEWORK_HEADER = YES;
				CLANG_WARN_RANGE_LOOP_ANALYSIS = YES;
				CLANG_WARN_STRICT_PROTOTYPES = YES;
				CLANG_WARN_SUSPICIOUS_MOVE = YES;
				CLANG_WARN_UNGUARDED_AVAILABILITY = YES_AGGRESSIVE;
				CLANG_WARN_UNREACHABLE_CODE = YES;
				CLANG_WARN__DUPLICATE_METHOD_MATCH = YES;
				COPY_PHASE_STRIP = NO;
				DEBUG_INFORMATION_FORMAT = "dwarf-with-dsym";
				ENABLE_NS_ASSERTIONS = NO;
				ENABLE_STRICT_OBJC_MSGSEND = YES;
				GCC_C_LANGUAGE_STANDARD = gnu11;
				GCC_NO_COMMON_BLOCKS = YES;
				GCC_WARN_64_TO_32_BIT_CONVERSION = YES;
				GCC_WARN_ABOUT_RETURN_TYPE = YES_ERROR;
				GCC_WARN_UNDECLARED_SELECTOR = YES;
				GCC_WARN_UNINITIALIZED_AUTOS = YES_AGGRESSIVE;
				GCC_WARN_UNUSED_FUNCTION = YES;
				GCC_WARN_UNUSED_VARIABLE = YES;
				IPHONEOS_DEPLOYMENT_TARGET = 14.3;
				MTL_ENABLE_DEBUG_INFO = NO;
				MTL_FAST_MATH = YES;
				SDKROOT = iphoneos;
				SWIFT_COMPILATION_MODE = wholemodule;
				SWIFT_OPTIMIZATION_LEVEL = "-O";
				VALIDATE_PRODUCT = YES;
			};
			name = Release;
		};
		5159F767259AFDC5001FA093 /* Debug */ = {
			isa = XCBuildConfiguration;
			baseConfigurationReference = DEA2404EAA0CBB7845707577 /* Pods-IOS-Demos.debug.xcconfig */;
			buildSettings = {
				ASSETCATALOG_COMPILER_APPICON_NAME = AppIcon;
				ASSETCATALOG_COMPILER_GLOBAL_ACCENT_COLOR_NAME = AccentColor;
				CODE_SIGN_STYLE = Automatic;
				INFOPLIST_FILE = "IOS-Demos/Info.plist";
				LD_RUNPATH_SEARCH_PATHS = (
					"$(inherited)",
					"@executable_path/Frameworks",
				);
				PRODUCT_BUNDLE_IDENTIFIER = "com.zwj.IOS-Demos";
				PRODUCT_NAME = "$(TARGET_NAME)";
				SWIFT_VERSION = 5.0;
				TARGETED_DEVICE_FAMILY = "1,2";
			};
			name = Debug;
		};
		5159F768259AFDC5001FA093 /* Release */ = {
			isa = XCBuildConfiguration;
			baseConfigurationReference = 3DE2E178DFCC57341A714FC4 /* Pods-IOS-Demos.release.xcconfig */;
			buildSettings = {
				ASSETCATALOG_COMPILER_APPICON_NAME = AppIcon;
				ASSETCATALOG_COMPILER_GLOBAL_ACCENT_COLOR_NAME = AccentColor;
				CODE_SIGN_STYLE = Automatic;
				INFOPLIST_FILE = "IOS-Demos/Info.plist";
				LD_RUNPATH_SEARCH_PATHS = (
					"$(inherited)",
					"@executable_path/Frameworks",
				);
				PRODUCT_BUNDLE_IDENTIFIER = "com.zwj.IOS-Demos";
				PRODUCT_NAME = "$(TARGET_NAME)";
				SWIFT_VERSION = 5.0;
				TARGETED_DEVICE_FAMILY = "1,2";
			};
			name = Release;
		};
/* End XCBuildConfiguration section */

/* Begin XCConfigurationList section */
		5159F74D259AFDC4001FA093 /* Build configuration list for PBXProject "IOS-Demos" */ = {
			isa = XCConfigurationList;
			buildConfigurations = (
				5159F764259AFDC5001FA093 /* Debug */,
				5159F765259AFDC5001FA093 /* Release */,
			);
			defaultConfigurationIsVisible = 0;
			defaultConfigurationName = Release;
		};
		5159F766259AFDC5001FA093 /* Build configuration list for PBXNativeTarget "IOS-Demos" */ = {
			isa = XCConfigurationList;
			buildConfigurations = (
				5159F767259AFDC5001FA093 /* Debug */,
				5159F768259AFDC5001FA093 /* Release */,
			);
			defaultConfigurationIsVisible = 0;
			defaultConfigurationName = Release;
		};
/* End XCConfigurationList section */
	};
	rootObject = 5159F74A259AFDC4001FA093 /* Project object */;
}
